
Microsoft Visual Studio Solution File, Format Version 12.00
# Visual Studio Version 16
VisualStudioVersion = 16.0.31005.135
MinimumVisualStudioVersion = 10.0.40219.1
Project("{FAE04EC0-301F-11D3-BF4B-00C04F79EFBC}") = "SchoolTest", "SchoolTest\SchoolTest.csproj", "{9F3FA416-0FFD-4E8F-8D8C-88F33952F4D7}"
EndProject
Global
	GlobalSection(SolutionConfigurationPlatforms) = preSolution
		Debug|Any CPU = Debug|Any CPU
		Release|Any CPU = Release|Any CPU
	EndGlobalSection
	GlobalSection(ProjectConfigurationPlatforms) = postSolution
		{9F3FA416-0FFD-4E8F-8D8C-88F33952F4D7}.Debug|Any CPU.ActiveCfg = Debug|Any CPU
		{9F3FA416-0FFD-4E8F-8D8C-88F33952F4D7}.Debug|Any CPU.Build.0 = Debug|Any CPU
		{9F3FA416-0FFD-4E8F-8D8C-88F33952F4D7}.Release|Any CPU.ActiveCfg = Release|Any CPU
		{9F3FA416-0FFD-4E8F-8D8C-88F33952F4D7}.Release|Any CPU.Build.0 = Release|Any CPU
	EndGlobalSection
	GlobalSection(SolutionProperties) = preSolution
		HideSolutionNode = FALSE
	EndGlobalSection
	GlobalSection(ExtensibilityGlobals) = postSolution
		SolutionGuid = {A9AC3188-D977-4056-B552-0826EEB5DA90}
	EndGlobalSection
EndGlobal
